{
  "name": "runner",
  "version": "1.0.0",
  "lockfileVersion": 1,
  "requires": true,
  "dependencies": {
    "logging": {
      "version": "github:emumud/logging#629696af649b690098dc00bfd5a009bb0bef855f",
      "from": "github:emumud/logging"
    },
    "scripts": {
      "version": "github:emumud/scripts#c794014cb0ddbbc31bf6475e9bd678e0109fb715",
      "from": "github:emumud/scripts#master",
      "requires": {
        "transpiler": "github:emumud/transpiler"
      },
      "dependencies": {
        "transpiler": {
          "version": "github:emumud/transpiler#41037553ccdf699f5e7e25bea22ea598e95842fd",
          "from": "github:emumud/transpiler"
        }
      }
    },
    "transpiler": {
      "version": "github:emumud/transpiler#41037553ccdf699f5e7e25bea22ea598e95842fd",
      "from": "github:emumud/transpiler#master"
    }
  }
}
