{
  "name": "runner",
  "version": "1.0.0",
  "lockfileVersion": 1,
  "requires": true,
  "dependencies": {
    "scripts": {
      "version": "github:emumud/scripts#ee76e174cb70b9f6b2efbe819d7a34b0a4373493",
      "from": "github:emumud/scripts#master"
    },
    "transpiler": {
      "version": "github:emumud/transpiler#28d84672032517a630836b8a3d8ce33638877df6",
      "from": "github:emumud/transpiler#master"
    }
  }
}
