{
  "name": "runner",
  "version": "1.0.0",
  "lockfileVersion": 1,
  "requires": true,
  "dependencies": {
    "logging": {
      "version": "github:emumud/logging#d6826d3a674944c73c408e5c52f918cdeb968138",
      "from": "github:emumud/logging"
    },
    "scripts": {
      "version": "github:emumud/scripts#a2a19c65fc895269f5515c8c45617aa7ab59f28a",
      "from": "github:emumud/scripts#master"
    },
    "transpiler": {
      "version": "github:emumud/transpiler#045c767514107a5bfc3b26cfc7f884af31f31a74",
      "from": "github:emumud/transpiler#master"
    }
  }
}
